
Microsoft Visual Studio Solution File, Format Version 12.00
# Visual Studio 15
VisualStudioVersion = 15.0.27703.2026
MinimumVisualStudioVersion = 10.0.40219.1
Project("{FAE04EC0-301F-11D3-BF4B-00C04F79EFBC}") = "CityInfo.API", "CityInfo.API\CityInfo.API.csproj", "{C089587C-2D6D-47C7-BF5E-E8D66139E360}"
EndProject
Global
	GlobalSection(SolutionConfigurationPlatforms) = preSolution
		Debug|Any CPU = Debug|Any CPU
		Release|Any CPU = Release|Any CPU
	EndGlobalSection
	GlobalSection(ProjectConfigurationPlatforms) = postSolution
		{C089587C-2D6D-47C7-BF5E-E8D66139E360}.Debug|Any CPU.ActiveCfg = Debug|Any CPU
		{C089587C-2D6D-47C7-BF5E-E8D66139E360}.Debug|Any CPU.Build.0 = Debug|Any CPU
		{C089587C-2D6D-47C7-BF5E-E8D66139E360}.Release|Any CPU.ActiveCfg = Release|Any CPU
		{C089587C-2D6D-47C7-BF5E-E8D66139E360}.Release|Any CPU.Build.0 = Release|Any CPU
	EndGlobalSection
	GlobalSection(SolutionProperties) = preSolution
		HideSolutionNode = FALSE
	EndGlobalSection
	GlobalSection(ExtensibilityGlobals) = postSolution
		SolutionGuid = {BD59D879-C746-4572-95C0-FE3C4C403CDD}
	EndGlobalSection
EndGlobal
